
Microsoft Visual Studio Solution File, Format Version 12.00
# Visual Studio Version 17
VisualStudioVersion = 17.14.36518.9 d17.14
MinimumVisualStudioVersion = 10.0.40219.1
Project("{FAE04EC0-301F-11D3-BF4B-00C04F79EFBC}") = "1150080139Lab7", "1150080139Lab7\1150080139Lab7.csproj", "{A31BCF54-F50E-487D-91B9-0DD22FE42FDB}"
EndProject
Global
	GlobalSection(SolutionConfigurationPlatforms) = preSolution
		Debug|Any CPU = Debug|Any CPU
		Release|Any CPU = Release|Any CPU
	EndGlobalSection
	GlobalSection(ProjectConfigurationPlatforms) = postSolution
		{A31BCF54-F50E-487D-91B9-0DD22FE42FDB}.Debug|Any CPU.ActiveCfg = Debug|Any CPU
		{A31BCF54-F50E-487D-91B9-0DD22FE42FDB}.Debug|Any CPU.Build.0 = Debug|Any CPU
		{A31BCF54-F50E-487D-91B9-0DD22FE42FDB}.Release|Any CPU.ActiveCfg = Release|Any CPU
		{A31BCF54-F50E-487D-91B9-0DD22FE42FDB}.Release|Any CPU.Build.0 = Release|Any CPU
	EndGlobalSection
	GlobalSection(SolutionProperties) = preSolution
		HideSolutionNode = FALSE
	EndGlobalSection
	GlobalSection(ExtensibilityGlobals) = postSolution
		SolutionGuid = {216076BF-F039-4DCF-B1F8-B26D26B9C1EB}
	EndGlobalSection
EndGlobal
